
Microsoft Visual Studio Solution File, Format Version 12.00
# Visual Studio Version 17
VisualStudioVersion = 17.9.34723.18
MinimumVisualStudioVersion = 10.0.40219.1
Project("{FAE04EC0-301F-11D3-BF4B-00C04F79EFBC}") = "FinalBlog", "FinalBlog\FinalBlog.csproj", "{D6B3CD6B-A1C7-4B18-AEE9-0E5C3FA0D764}"
EndProject
Global
	GlobalSection(SolutionConfigurationPlatforms) = preSolution
		Debug|Any CPU = Debug|Any CPU
		Release|Any CPU = Release|Any CPU
	EndGlobalSection
	GlobalSection(ProjectConfigurationPlatforms) = postSolution
		{D6B3CD6B-A1C7-4B18-AEE9-0E5C3FA0D764}.Debug|Any CPU.ActiveCfg = Debug|Any CPU
		{D6B3CD6B-A1C7-4B18-AEE9-0E5C3FA0D764}.Debug|Any CPU.Build.0 = Debug|Any CPU
		{D6B3CD6B-A1C7-4B18-AEE9-0E5C3FA0D764}.Release|Any CPU.ActiveCfg = Release|Any CPU
		{D6B3CD6B-A1C7-4B18-AEE9-0E5C3FA0D764}.Release|Any CPU.Build.0 = Release|Any CPU
	EndGlobalSection
	GlobalSection(SolutionProperties) = preSolution
		HideSolutionNode = FALSE
	EndGlobalSection
	GlobalSection(ExtensibilityGlobals) = postSolution
		SolutionGuid = {9B80530B-89E3-4616-B4D7-87DD509927B6}
	EndGlobalSection
EndGlobal
